// !$*UTF8*$!
{
	archiveVersion = 1;
	classes = {
	};
	objectVersion = 46;
	objects = {

/* Begin PBXBuildFile section */
		756D34231C72B2830085B08E /* AppDelegate.swift in Sources */ = {isa = PBXBuildFile; fileRef = 756D34221C72B2830085B08E /* AppDelegate.swift */; };
		756D34251C72B2830085B08E /* ViewController.swift in Sources */ = {isa = PBXBuildFile; fileRef = 756D34241C72B2830085B08E /* ViewController.swift */; };
		756D34281C72B2830085B08E /* Main.storyboard in Resources */ = {isa = PBXBuildFile; fileRef = 756D34261C72B2830085B08E /* Main.storyboard */; };
		756D342A1C72B2830085B08E /* Assets.xcassets in Resources */ = {isa = PBXBuildFile; fileRef = 756D34291C72B2830085B08E /* Assets.xcassets */; };
		756D342D1C72B2830085B08E /* LaunchScreen.storyboard in Resources */ = {isa = PBXBuildFile; fileRef = 756D342B1C72B2830085B08E /* LaunchScreen.storyboard */; };
/* End PBXBuildFile section */

/* Begin PBXFileReference section */
		756D341F1C72B2830085B08E /* TopBooks.app */ = {isa = PBXFileReference; explicitFileType = wrapper.application; includeInIndex = 0; path = TopBooks.app; sourceTree = BUILT_PRODUCTS_DIR; };
		756D34221C72B2830085B08E /* AppDelegate.swift */ = {isa = PBXFileReference; lastKnownFileType = sourcecode.swift; path = AppDelegate.swift; sourceTree = "<group>"; };
		756D34241C72B2830085B08E /* ViewController.swift */ = {isa = PBXFileReference; lastKnownFileType = sourcecode.swift; path = ViewController.swift; sourceTree = "<group>"; };
		756D34271C72B2830085B08E /* Base */ = {isa = PBXFileReference; lastKnownFileType = file.storyboard; name = Base; path = Base.lproj/Main.storyboard; sourceTree = "<group>"; };
		756D34291C72B2830085B08E /* Assets.xcassets */ = {isa = PBXFileReference; lastKnownFileType = folder.assetcatalog; path = Assets.xcassets; sourceTree = "<group>"; };
		756D342C1C72B2830085B08E /* Base */ = {isa = PBXFileReference; lastKnownFileType = file.storyboard; name = Base; path = Base.lproj/LaunchScreen.storyboard; sourceTree = "<group>"; };
		756D342E1C72B2830085B08E /* Info.plist */ = {isa = PBXFileReference; lastKnownFileType = text.plist.xml; path = Info.plist; sourceTree = "<group>"; };
/* End PBXFileReference section */

/* Begin PBXFrameworksBuildPhase section */
		756D341C1C72B2830085B08E /* Frameworks */ = {
			isa = PBXFrameworksBuildPhase;
			buildActionMask = 2147483647;
			files = (
			);
			runOnlyForDeploymentPostprocessing = 0;
		};
/* End PBXFrameworksBuildPhase section */

/* Begin PBXGroup section */
		756D34161C72B2830085B08E = {
			isa = PBXGroup;
			children = (
				756D34211C72B2830085B08E /* TopBooks */,
				756D34201C72B2830085B08E /* Products */,
			);
			sourceTree = "<group>";
		};
		756D34201C72B2830085B08E /* Products */ = {
			isa = PBXGroup;
			children = (
				756D341F1C72B2830085B08E /* TopBooks.app */,
			);
			name = Products;
			sourceTree = "<group>";
		};
		756D34211C72B2830085B08E /* TopBooks */ = {
			isa = PBXGroup;
			children = (
				756D34221C72B2830085B08E /* AppDelegate.swift */,
				756D34241C72B2830085B08E /* ViewController.swift */,
				756D34261C72B2830085B08E /* Main.storyboard */,
				756D34291C72B2830085B08E /* Assets.xcassets */,
				756D342B1C72B2830085B08E /* LaunchScreen.storyboard */,
				756D342E1C72B2830085B08E /* Info.plist */,
			);
			path = TopBooks;
			sourceTree = "<group>";
		};
/* End PBXGroup section */

/* Begin PBXNativeTarget section */
		756D341E1C72B2830085B08E /* TopBooks */ = {
			isa = PBXNativeTarget;
			buildConfigurationList = 756D34311C72B2830085B08E /* Build configuration list for PBXNativeTarget "TopBooks" */;
			buildPhases = (
				756D341B1C72B2830085B08E /* Sources */,
				756D341C1C72B2830085B08E /* Frameworks */,
				756D341D1C72B2830085B08E /* Resources */,
			);
			buildRules = (
			);
			dependencies = (
			);
			name = TopBooks;
			productName = TopBooks;
			productReference = 756D341F1C72B2830085B08E /* TopBooks.app */;
			productType = "com.apple.product-type.application";
		};
/* End PBXNativeTarget section */

/* Begin PBXProject section */
		756D34171C72B2830085B08E /* Project object */ = {
			isa = PBXProject;
			attributes = {
				LastSwiftUpdateCheck = 0720;
				LastUpgradeCheck = 0720;
				ORGANIZATIONNAME = 2EG;
				TargetAttributes = {
					756D341E1C72B2830085B08E = {
						CreatedOnToolsVersion = 7.2.1;
					};
				};
			};
			buildConfigurationList = 756D341A1C72B2830085B08E /* Build configuration list for PBXProject "TopBooks" */;
			compatibilityVersion = "Xcode 3.2";
			developmentRegion = English;
			hasScannedForEncodings = 0;
			knownRegions = (
				en,
				Base,
			);
			mainGroup = 756D34161C72B2830085B08E;
			productRefGroup = 756D34201C72B2830085B08E /* Products */;
			projectDirPath = "";
			projectRoot = "";
			targets = (
				756D341E1C72B2830085B08E /* TopBooks */,
			);
		};
/* End PBXProject section */

/* Begin PBXResourcesBuildPhase section */
		756D341D1C72B2830085B08E /* Resources */ = {
			isa = PBXResourcesBuildPhase;
			buildActionMask = 2147483647;
			files = (
				756D342D1C72B2830085B08E /* LaunchScreen.storyboard in Resources */,
				756D342A1C72B2830085B08E /* Assets.xcassets in Resources */,
				756D34281C72B2830085B08E /* Main.storyboard in Resources */,
			);
			runOnlyForDeploymentPostprocessing = 0;
		};
/* End PBXResourcesBuildPhase section */

/* Begin PBXSourcesBuildPhase section */
		756D341B1C72B2830085B08E /* Sources */ = {
			isa = PBXSourcesBuildPhase;
			buildActionMask = 2147483647;
			files = (
				756D34251C72B2830085B08E /* ViewController.swift in Sources */,
				756D34231C72B2830085B08E /* AppDelegate.swift in Sources */,
			);
			runOnlyForDeploymentPostprocessing = 0;
		};
/* End PBXSourcesBuildPhase section */

/* Begin PBXVariantGroup section */
		756D34261C72B2830085B08E /* Main.storyboard */ = {
			isa = PBXVariantGroup;
			children = (
				756D34271C72B2830085B08E /* Base */,
			);
			name = Main.storyboard;
			sourceTree = "<group>";
		};
		756D342B1C72B2830085B08E /* LaunchScreen.storyboard */ = {
			isa = PBXVariantGroup;
			children = (
				756D342C1C72B2830085B08E /* Base */,
			);
			name = LaunchScreen.storyboard;
			sourceTree = "<group>";
		};
/* End PBXVariantGroup section */

/* Begin XCBuildConfiguration section */
		756D342F1C72B2830085B08E /* Debug */ = {
			isa = XCBuildConfiguration;
			buildSettings = {
				ALWAYS_SEARCH_USER_PATHS = NO;
				CLANG_CXX_LANGUAGE_STANDARD = "gnu++0x";
				CLANG_CXX_LIBRARY = "libc++";
				CLANG_ENABLE_MODULES = YES;
				CLANG_ENABLE_OBJC_ARC = YES;
				CLANG_WARN_BOOL_CONVERSION = YES;
				CLANG_WARN_CONSTANT_CONVERSION = YES;
				CLANG_WARN_DIRECT_OBJC_ISA_USAGE = YES_ERROR;
				CLANG_WARN_EMPTY_BODY = YES;
				CLANG_WARN_ENUM_CONVERSION = YES;
				CLANG_WARN_INT_CONVERSION = YES;
				CLANG_WARN_OBJC_ROOT_CLASS = YES_ERROR;
				CLANG_WARN_UNREACHABLE_CODE = YES;
				CLANG_WARN__DUPLICATE_METHOD_MATCH = YES;
				"CODE_SIGN_IDENTITY[sdk=iphoneos*]" = "iPhone Developer";
				COPY_PHASE_STRIP = NO;
				DEBUG_INFORMATION_FORMAT = dwarf;
				ENABLE_STRICT_OBJC_MSGSEND = YES;
				ENABLE_TESTABILITY = YES;
				GCC_C_LANGUAGE_STANDARD = gnu99;
				GCC_DYNAMIC_NO_PIC = NO;
				GCC_NO_COMMON_BLOCKS = YES;
				GCC_OPTIMIZATION_LEVEL = 0;
				GCC_PREPROCESSOR_DEFINITIONS = (
					"DEBUG=1",
					"$(inherited)",
				);
				GCC_WARN_64_TO_32_BIT_CONVERSION = YES;
				GCC_WARN_ABOUT_RETURN_TYPE = YES_ERROR;
				GCC_WARN_UNDECLARED_SELECTOR = YES;
				GCC_WARN_UNINITIALIZED_AUTOS = YES_AGGRESSIVE;
				GCC_WARN_UNUSED_FUNCTION = YES;
				GCC_WARN_UNUSED_VARIABLE = YES;
				IPHONEOS_DEPLOYMENT_TARGET = 9.2;
				MTL_ENABLE_DEBUG_INFO = YES;
				ONLY_ACTIVE_ARCH = YES;
				SDKROOT = iphoneos;
				SWIFT_OPTIMIZATION_LEVEL = "-Onone";
				TARGETED_DEVICE_FAMILY = "1,2";
			};
			name = Debug;
		};
		756D34301C72B2830085B08E /* Release */ = {
			isa = XCBuildConfiguration;
			buildSettings = {
				ALWAYS_SEARCH_USER_PATHS = NO;
				CLANG_CXX_LANGUAGE_STANDARD = "gnu++0x";
				CLANG_CXX_LIBRARY = "libc++";
				CLANG_ENABLE_MODULES = YES;
				CLANG_ENABLE_OBJC_ARC = YES;
				CLANG_WARN_BOOL_CONVERSION = YES;
				CLANG_WARN_CONSTANT_CONVERSION = YES;
				CLANG_WARN_DIRECT_OBJC_ISA_USAGE = YES_ERROR;
				CLANG_WARN_EMPTY_BODY = YES;
				CLANG_WARN_ENUM_CONVERSION = YES;
				CLANG_WARN_INT_CONVERSION = YES;
				CLANG_WARN_OBJC_ROOT_CLASS = YES_ERROR;
				CLANG_WARN_UNREACHABLE_CODE = YES;
				CLANG_WARN__DUPLICATE_METHOD_MATCH = YES;
				"CODE_SIGN_IDENTITY[sdk=iphoneos*]" = "iPhone Developer";
				COPY_PHASE_STRIP = NO;
				DEBUG_INFORMATION_FORMAT = "dwarf-with-dsym";
				ENABLE_NS_ASSERTIONS = NO;
				ENABLE_STRICT_OBJC_MSGSEND = YES;
				GCC_C_LANGUAGE_STANDARD = gnu99;
				GCC_NO_COMMON_BLOCKS = YES;
				GCC_WARN_64_TO_32_BIT_CONVERSION = YES;
				GCC_WARN_ABOUT_RETURN_TYPE = YES_ERROR;
				GCC_WARN_UNDECLARED_SELECTOR = YES;
				GCC_WARN_UNINITIALIZED_AUTOS = YES_AGGRESSIVE;
				GCC_WARN_UNUSED_FUNCTION = YES;
				GCC_WARN_UNUSED_VARIABLE = YES;
				IPHONEOS_DEPLOYMENT_TARGET = 9.2;
				MTL_ENABLE_DEBUG_INFO = NO;
				SDKROOT = iphoneos;
				TARGETED_DEVICE_FAMILY = "1,2";
				VALIDATE_PRODUCT = YES;
			};
			name = Release;
		};
		756D34321C72B2830085B08E /* Debug */ = {
			isa = XCBuildConfiguration;
			buildSettings = {
				ASSETCATALOG_COMPILER_APPICON_NAME = AppIcon;
				INFOPLIST_FILE = TopBooks/Info.plist;
				LD_RUNPATH_SEARCH_PATHS = "$(inherited) @executable_path/Frameworks";
				PRODUCT_BUNDLE_IDENTIFIER = br.com.2eg.TopBooks;
				PRODUCT_NAME = "$(TARGET_NAME)";
			};
			name = Debug;
		};
		756D34331C72B2830085B08E /* Release */ = {
			isa = XCBuildConfiguration;
			buildSettings = {
				ASSETCATALOG_COMPILER_APPICON_NAME = AppIcon;
				INFOPLIST_FILE = TopBooks/Info.plist;
				LD_RUNPATH_SEARCH_PATHS = "$(inherited) @executable_path/Frameworks";
				PRODUCT_BUNDLE_IDENTIFIER = br.com.2eg.TopBooks;
				PRODUCT_NAME = "$(TARGET_NAME)";
			};
			name = Release;
		};
/* End XCBuildConfiguration section */

/* Begin XCConfigurationList section */
		756D341A1C72B2830085B08E /* Build configuration list for PBXProject "TopBooks" */ = {
			isa = XCConfigurationList;
			buildConfigurations = (
				756D342F1C72B2830085B08E /* Debug */,
				756D34301C72B2830085B08E /* Release */,
			);
			defaultConfigurationIsVisible = 0;
			defaultConfigurationName = Release;
		};
		756D34311C72B2830085B08E /* Build configuration list for PBXNativeTarget "TopBooks" */ = {
			isa = XCConfigurationList;
			buildConfigurations = (
				756D34321C72B2830085B08E /* Debug */,
				756D34331C72B2830085B08E /* Release */,
			);
			defaultConfigurationIsVisible = 0;
		};
/* End XCConfigurationList section */
	};
	rootObject = 756D34171C72B2830085B08E /* Project object */;
}
